{
  "requires": true,
  "lockfileVersion": 1,
  "dependencies": {
    "@uirouter/angularjs": {
      "version": "1.0.29",
      "resolved": "https://registry.npmjs.org/@uirouter/angularjs/-/angularjs-1.0.29.tgz",
      "integrity": "sha512-RImWnBarNixkMto0o8stEaGwZmvhv5cnuOLXyMU2pY8MP2rgEF74ZNJTLeJCW14LR7XDUxVH8Mk8bPI6lxedmQ==",
      "requires": {
        "@uirouter/core": "6.0.7"
      }
    },
    "@uirouter/core": {
      "version": "6.0.7",
      "resolved": "https://registry.npmjs.org/@uirouter/core/-/core-6.0.7.tgz",
      "integrity": "sha512-KUTJxL+6q0PiBnFx4/Z+Hsyg0pSGiaW5yZQeJmUxknecjpTbnXkLU8H2EqRn9N2B+qDRa7Jg8RcgeNDPY72O1w=="
    },
    "angular-ui-bootstrap": {
      "version": "2.5.6",
      "resolved": "https://registry.npmjs.org/angular-ui-bootstrap/-/angular-ui-bootstrap-2.5.6.tgz",
      "integrity": "sha512-yzcHpPMLQl0232nDzm5P4iAFTFQ9dMw0QgFLuKYbDj9M0xJ62z0oudYD/Lvh1pWfRsukiytP4Xj6BHOSrSXP8A=="
    }
  }
}
